
Microsoft Visual Studio Solution File, Format Version 12.00
# Visual Studio Version 17
VisualStudioVersion = 17.9.34622.214
MinimumVisualStudioVersion = 10.0.40219.1
Project("{9A19103F-16F7-4668-BE54-9A1E7A4F7556}") = "Us.Api.Ochlocracy", "Us.Api.Ochlocracy\Us.Api.Ochlocracy.csproj", "{7F42D119-5AE5-4B09-BAAA-6B1C6C425744}"
EndProject
Global
	GlobalSection(SolutionConfigurationPlatforms) = preSolution
		Debug|Any CPU = Debug|Any CPU
		Release|Any CPU = Release|Any CPU
	EndGlobalSection
	GlobalSection(ProjectConfigurationPlatforms) = postSolution
		{7F42D119-5AE5-4B09-BAAA-6B1C6C425744}.Debug|Any CPU.ActiveCfg = Debug|Any CPU
		{7F42D119-5AE5-4B09-BAAA-6B1C6C425744}.Debug|Any CPU.Build.0 = Debug|Any CPU
		{7F42D119-5AE5-4B09-BAAA-6B1C6C425744}.Release|Any CPU.ActiveCfg = Release|Any CPU
		{7F42D119-5AE5-4B09-BAAA-6B1C6C425744}.Release|Any CPU.Build.0 = Release|Any CPU
	EndGlobalSection
	GlobalSection(SolutionProperties) = preSolution
		HideSolutionNode = FALSE
	EndGlobalSection
	GlobalSection(ExtensibilityGlobals) = postSolution
		SolutionGuid = {ADC4F063-9C0D-4DD7-AD82-66C72C1B595F}
	EndGlobalSection
EndGlobal
