
Microsoft Visual Studio Solution File, Format Version 12.00
# Visual Studio Version 17
VisualStudioVersion = 17.9.34622.214
MinimumVisualStudioVersion = 10.0.40219.1
Project("{9A19103F-16F7-4668-BE54-9A1E7A4F7556}") = "Us.Api.Ochlocracy", "Us.Api.Ochlocracy\Us.Api.Ochlocracy.csproj", "{7F42D119-5AE5-4B09-BAAA-6B1C6C425744}"
EndProject
Project("{9A19103F-16F7-4668-BE54-9A1E7A4F7556}") = "Us.Ochlocracy.Model", "Us.Ochlocracy.Model\Us.Ochlocracy.Model.csproj", "{D02FDCCA-CE84-43AA-9349-073398D8A5B4}"
EndProject
Project("{9A19103F-16F7-4668-BE54-9A1E7A4F7556}") = "Us.Congress.Proxy", "Us.Congress.Proxy\Us.Congress.Proxy.csproj", "{323E6664-323D-4D96-AAD2-06FAA4ED47F6}"
EndProject
Project("{9A19103F-16F7-4668-BE54-9A1E7A4F7556}") = "Us.Proxy.Common", "Us.Proxy.Common\Us.Proxy.Common.csproj", "{30DE1CD5-D722-43F8-824B-836FAD9BF2B0}"
EndProject
Project("{9A19103F-16F7-4668-BE54-9A1E7A4F7556}") = "Us.Ochlocracy.Service", "Us.Ochlocracy.Service\Us.Ochlocracy.Service.csproj", "{50DF4EBE-3B18-449D-8A1D-7B92D5B31484}"
EndProject
Project("{9A19103F-16F7-4668-BE54-9A1E7A4F7556}") = "Us.Ochlocracy.Data", "Us.Ochlocracy.Data\Us.Ochlocracy.Data.csproj", "{477622AE-E1DF-4092-9708-6551ED804BD6}"
EndProject
Project("{9A19103F-16F7-4668-BE54-9A1E7A4F7556}") = "Us.Ochlocracy.Interfaces", "Us.Ochlocracy.Interfaces\Us.Ochlocracy.Interfaces.csproj", "{1665B3B1-21C9-411E-9236-476057226766}"
EndProject
Global
	GlobalSection(SolutionConfigurationPlatforms) = preSolution
		Debug|Any CPU = Debug|Any CPU
		Release|Any CPU = Release|Any CPU
	EndGlobalSection
	GlobalSection(ProjectConfigurationPlatforms) = postSolution
		{7F42D119-5AE5-4B09-BAAA-6B1C6C425744}.Debug|Any CPU.ActiveCfg = Debug|Any CPU
		{7F42D119-5AE5-4B09-BAAA-6B1C6C425744}.Debug|Any CPU.Build.0 = Debug|Any CPU
		{7F42D119-5AE5-4B09-BAAA-6B1C6C425744}.Release|Any CPU.ActiveCfg = Release|Any CPU
		{7F42D119-5AE5-4B09-BAAA-6B1C6C425744}.Release|Any CPU.Build.0 = Release|Any CPU
		{D02FDCCA-CE84-43AA-9349-073398D8A5B4}.Debug|Any CPU.ActiveCfg = Debug|Any CPU
		{D02FDCCA-CE84-43AA-9349-073398D8A5B4}.Debug|Any CPU.Build.0 = Debug|Any CPU
		{D02FDCCA-CE84-43AA-9349-073398D8A5B4}.Release|Any CPU.ActiveCfg = Release|Any CPU
		{D02FDCCA-CE84-43AA-9349-073398D8A5B4}.Release|Any CPU.Build.0 = Release|Any CPU
		{323E6664-323D-4D96-AAD2-06FAA4ED47F6}.Debug|Any CPU.ActiveCfg = Debug|Any CPU
		{323E6664-323D-4D96-AAD2-06FAA4ED47F6}.Debug|Any CPU.Build.0 = Debug|Any CPU
		{323E6664-323D-4D96-AAD2-06FAA4ED47F6}.Release|Any CPU.ActiveCfg = Release|Any CPU
		{323E6664-323D-4D96-AAD2-06FAA4ED47F6}.Release|Any CPU.Build.0 = Release|Any CPU
		{30DE1CD5-D722-43F8-824B-836FAD9BF2B0}.Debug|Any CPU.ActiveCfg = Debug|Any CPU
		{30DE1CD5-D722-43F8-824B-836FAD9BF2B0}.Debug|Any CPU.Build.0 = Debug|Any CPU
		{30DE1CD5-D722-43F8-824B-836FAD9BF2B0}.Release|Any CPU.ActiveCfg = Release|Any CPU
		{30DE1CD5-D722-43F8-824B-836FAD9BF2B0}.Release|Any CPU.Build.0 = Release|Any CPU
		{50DF4EBE-3B18-449D-8A1D-7B92D5B31484}.Debug|Any CPU.ActiveCfg = Debug|Any CPU
		{50DF4EBE-3B18-449D-8A1D-7B92D5B31484}.Debug|Any CPU.Build.0 = Debug|Any CPU
		{50DF4EBE-3B18-449D-8A1D-7B92D5B31484}.Release|Any CPU.ActiveCfg = Release|Any CPU
		{50DF4EBE-3B18-449D-8A1D-7B92D5B31484}.Release|Any CPU.Build.0 = Release|Any CPU
		{477622AE-E1DF-4092-9708-6551ED804BD6}.Debug|Any CPU.ActiveCfg = Debug|Any CPU
		{477622AE-E1DF-4092-9708-6551ED804BD6}.Debug|Any CPU.Build.0 = Debug|Any CPU
		{477622AE-E1DF-4092-9708-6551ED804BD6}.Release|Any CPU.ActiveCfg = Release|Any CPU
		{477622AE-E1DF-4092-9708-6551ED804BD6}.Release|Any CPU.Build.0 = Release|Any CPU
		{1665B3B1-21C9-411E-9236-476057226766}.Debug|Any CPU.ActiveCfg = Debug|Any CPU
		{1665B3B1-21C9-411E-9236-476057226766}.Debug|Any CPU.Build.0 = Debug|Any CPU
		{1665B3B1-21C9-411E-9236-476057226766}.Release|Any CPU.ActiveCfg = Release|Any CPU
		{1665B3B1-21C9-411E-9236-476057226766}.Release|Any CPU.Build.0 = Release|Any CPU
	EndGlobalSection
	GlobalSection(SolutionProperties) = preSolution
		HideSolutionNode = FALSE
	EndGlobalSection
	GlobalSection(ExtensibilityGlobals) = postSolution
		SolutionGuid = {ADC4F063-9C0D-4DD7-AD82-66C72C1B595F}
	EndGlobalSection
EndGlobal
